
Microsoft Visual Studio Solution File, Format Version 12.00
# Visual Studio Version 17
VisualStudioVersion = 17.14.36301.6
MinimumVisualStudioVersion = 10.0.40219.1
Project("{FAE04EC0-301F-11D3-BF4B-00C04F79EFBC}") = "KonturTestTask", "KonturTestTask\KonturTestTask.csproj", "{7E19D2EF-5545-4331-8923-0FEA652B2F32}"
EndProject
Project("{2150E333-8FDC-42A3-9474-1A3956D46DE8}") = "Элементы решения", "Элементы решения", "{754FC069-D67B-A9D7-50A1-8D1CA196D8F1}"
	ProjectSection(SolutionItems) = preProject
		.gitignore = .gitignore
		README.md = README.md
	EndProjectSection
EndProject
Global
	GlobalSection(SolutionConfigurationPlatforms) = preSolution
		Debug|Any CPU = Debug|Any CPU
		Release|Any CPU = Release|Any CPU
	EndGlobalSection
	GlobalSection(ProjectConfigurationPlatforms) = postSolution
		{7E19D2EF-5545-4331-8923-0FEA652B2F32}.Debug|Any CPU.ActiveCfg = Debug|Any CPU
		{7E19D2EF-5545-4331-8923-0FEA652B2F32}.Debug|Any CPU.Build.0 = Debug|Any CPU
		{7E19D2EF-5545-4331-8923-0FEA652B2F32}.Release|Any CPU.ActiveCfg = Release|Any CPU
		{7E19D2EF-5545-4331-8923-0FEA652B2F32}.Release|Any CPU.Build.0 = Release|Any CPU
	EndGlobalSection
	GlobalSection(SolutionProperties) = preSolution
		HideSolutionNode = FALSE
	EndGlobalSection
	GlobalSection(ExtensibilityGlobals) = postSolution
		SolutionGuid = {3D2B80AE-38F9-42A3-92BB-90257FA6C328}
	EndGlobalSection
EndGlobal
